
Microsoft Visual Studio Solution File, Format Version 12.00
# Visual Studio Version 17
VisualStudioVersion = 17.13.35825.156 d17.13
MinimumVisualStudioVersion = 10.0.40219.1
Project("{F184B08F-C81C-45F6-A57F-5ABD9991F28F}") = "ConsoleApp5", "ConsoleApp5\ConsoleApp5.vbproj", "{760F4A32-5A0E-4602-92DA-7F8A6D9B0002}"
EndProject
Global
	GlobalSection(SolutionConfigurationPlatforms) = preSolution
		Debug|Any CPU = Debug|Any CPU
		Release|Any CPU = Release|Any CPU
	EndGlobalSection
	GlobalSection(ProjectConfigurationPlatforms) = postSolution
		{760F4A32-5A0E-4602-92DA-7F8A6D9B0002}.Debug|Any CPU.ActiveCfg = Debug|Any CPU
		{760F4A32-5A0E-4602-92DA-7F8A6D9B0002}.Debug|Any CPU.Build.0 = Debug|Any CPU
		{760F4A32-5A0E-4602-92DA-7F8A6D9B0002}.Release|Any CPU.ActiveCfg = Release|Any CPU
		{760F4A32-5A0E-4602-92DA-7F8A6D9B0002}.Release|Any CPU.Build.0 = Release|Any CPU
	EndGlobalSection
	GlobalSection(SolutionProperties) = preSolution
		HideSolutionNode = FALSE
	EndGlobalSection
	GlobalSection(ExtensibilityGlobals) = postSolution
		SolutionGuid = {9489E9AE-69BB-400F-AA34-BBEA9D73B11D}
	EndGlobalSection
EndGlobal
