
Microsoft Visual Studio Solution File, Format Version 12.00
# Visual Studio Version 17
VisualStudioVersion = 17.13.35825.156
MinimumVisualStudioVersion = 10.0.40219.1
Project("{FAE04EC0-301F-11D3-BF4B-00C04F79EFBC}") = "WindowsFormsApp1", "WindowsFormsApp1\WindowsFormsApp1.csproj", "{6B1A4D32-FE42-4D41-877A-B9F80924F675}"
EndProject
Project("{00D1A9C2-B5F0-4AF3-8072-F6C62B433612}") = "Database1", "..\..\..\..\source\repos\Database1\Database1.sqlproj", "{BC40539B-83EE-47C6-BB8E-006FCDE01608}"
EndProject
Global
	GlobalSection(SolutionConfigurationPlatforms) = preSolution
		Debug|Any CPU = Debug|Any CPU
		Release|Any CPU = Release|Any CPU
	EndGlobalSection
	GlobalSection(ProjectConfigurationPlatforms) = postSolution
		{6B1A4D32-FE42-4D41-877A-B9F80924F675}.Debug|Any CPU.ActiveCfg = Debug|Any CPU
		{6B1A4D32-FE42-4D41-877A-B9F80924F675}.Debug|Any CPU.Build.0 = Debug|Any CPU
		{6B1A4D32-FE42-4D41-877A-B9F80924F675}.Release|Any CPU.ActiveCfg = Release|Any CPU
		{6B1A4D32-FE42-4D41-877A-B9F80924F675}.Release|Any CPU.Build.0 = Release|Any CPU
		{BC40539B-83EE-47C6-BB8E-006FCDE01608}.Debug|Any CPU.ActiveCfg = Debug|Any CPU
		{BC40539B-83EE-47C6-BB8E-006FCDE01608}.Debug|Any CPU.Build.0 = Debug|Any CPU
		{BC40539B-83EE-47C6-BB8E-006FCDE01608}.Debug|Any CPU.Deploy.0 = Debug|Any CPU
		{BC40539B-83EE-47C6-BB8E-006FCDE01608}.Release|Any CPU.ActiveCfg = Release|Any CPU
		{BC40539B-83EE-47C6-BB8E-006FCDE01608}.Release|Any CPU.Build.0 = Release|Any CPU
		{BC40539B-83EE-47C6-BB8E-006FCDE01608}.Release|Any CPU.Deploy.0 = Release|Any CPU
	EndGlobalSection
	GlobalSection(SolutionProperties) = preSolution
		HideSolutionNode = FALSE
	EndGlobalSection
	GlobalSection(ExtensibilityGlobals) = postSolution
		SolutionGuid = {DE12E8AE-1007-4790-8EF3-B2C268CFA65E}
	EndGlobalSection
EndGlobal
