
Microsoft Visual Studio Solution File, Format Version 12.00
# Visual Studio Version 17
VisualStudioVersion = 17.13.35825.156 d17.13
MinimumVisualStudioVersion = 10.0.40219.1
Project("{FAE04EC0-301F-11D3-BF4B-00C04F79EFBC}") = "ConsoleApp1", "ConsoleApp1\ConsoleApp1.csproj", "{C2A3CEA1-82CE-4823-91CB-D0E2491FF8E8}"
EndProject
Global
	GlobalSection(SolutionConfigurationPlatforms) = preSolution
		Debug|Any CPU = Debug|Any CPU
		Release|Any CPU = Release|Any CPU
	EndGlobalSection
	GlobalSection(ProjectConfigurationPlatforms) = postSolution
		{C2A3CEA1-82CE-4823-91CB-D0E2491FF8E8}.Debug|Any CPU.ActiveCfg = Debug|Any CPU
		{C2A3CEA1-82CE-4823-91CB-D0E2491FF8E8}.Debug|Any CPU.Build.0 = Debug|Any CPU
		{C2A3CEA1-82CE-4823-91CB-D0E2491FF8E8}.Release|Any CPU.ActiveCfg = Release|Any CPU
		{C2A3CEA1-82CE-4823-91CB-D0E2491FF8E8}.Release|Any CPU.Build.0 = Release|Any CPU
	EndGlobalSection
	GlobalSection(SolutionProperties) = preSolution
		HideSolutionNode = FALSE
	EndGlobalSection
	GlobalSection(ExtensibilityGlobals) = postSolution
		SolutionGuid = {B6D9EBA5-F84B-4530-8E12-922136CEC5E5}
	EndGlobalSection
EndGlobal
