
Microsoft Visual Studio Solution File, Format Version 12.00
# Visual Studio Version 17
VisualStudioVersion = 17.13.35825.156 d17.13
MinimumVisualStudioVersion = 10.0.40219.1
Project("{FAE04EC0-301F-11D3-BF4B-00C04F79EFBC}") = "ConsoleApp3", "ConsoleApp3\ConsoleApp3.csproj", "{5F3296DD-0DA9-4E19-B00D-BB73A19671D5}"
EndProject
Global
	GlobalSection(SolutionConfigurationPlatforms) = preSolution
		Debug|Any CPU = Debug|Any CPU
		Release|Any CPU = Release|Any CPU
	EndGlobalSection
	GlobalSection(ProjectConfigurationPlatforms) = postSolution
		{5F3296DD-0DA9-4E19-B00D-BB73A19671D5}.Debug|Any CPU.ActiveCfg = Debug|Any CPU
		{5F3296DD-0DA9-4E19-B00D-BB73A19671D5}.Debug|Any CPU.Build.0 = Debug|Any CPU
		{5F3296DD-0DA9-4E19-B00D-BB73A19671D5}.Release|Any CPU.ActiveCfg = Release|Any CPU
		{5F3296DD-0DA9-4E19-B00D-BB73A19671D5}.Release|Any CPU.Build.0 = Release|Any CPU
	EndGlobalSection
	GlobalSection(SolutionProperties) = preSolution
		HideSolutionNode = FALSE
	EndGlobalSection
	GlobalSection(ExtensibilityGlobals) = postSolution
		SolutionGuid = {05336DB2-33BB-44BC-B124-FEB8C65609CC}
	EndGlobalSection
EndGlobal
